bohr_runtime_version: 0.5.0rc2
experiments:
  all_heuristics_with_issues:
    heuristics_classifier: bugginess/filemetrics:bugginess/fine_grained_changes_transformer_70.py:bugginess/fine_grained_changes_transformer_80.py:bugginess/fine_grained_changes_transformer_90.py:bugginess/keywords/bug_keywords_lookup_in_issue_body.py:bugginess/keywords/bug_keywords_lookup_in_issue_label.py:bugginess/keywords/bug_keywords_lookup_in_message.py:bugginess/keywords/buggless_keywords_lookup_in_message.py:bugginess/keywords/bugless_keywords_lookup_in_issue_body.py:bugginess/keywords/bugless_keywords_lookup_in_issue_label.py
    train_set: commits_200k_files
  all_heuristics_without_issues:
    heuristics_classifier: bugginess/filemetrics:bugginess/fine_grained_changes_transformer_70.py:bugginess/fine_grained_changes_transformer_80.py:bugginess/fine_grained_changes_transformer_90.py:bugginess/keywords/bug_keywords_lookup_in_message.py:bugginess/keywords/buggless_keywords_lookup_in_message.py
    train_set: commits_200k_files
  all_heuristics_without_issues_orig200k:
    heuristics_classifier: bugginess/filemetrics:bugginess/fine_grained_changes_transformer_70.py:bugginess/fine_grained_changes_transformer_80.py:bugginess/fine_grained_changes_transformer_90.py:bugginess/keywords/bug_keywords_lookup_in_message.py:bugginess/keywords/buggless_keywords_lookup_in_message.py
    train_set: commits_200k
  dataset_debugging:
    heuristics_classifier: bugginess/buggless_if_doc_extensions.py:bugginess/buggless_if_one_file_markdown_ext.py:bugginess/filemetrics:bugginess/fine_grained_changes_transformer_70.py:bugginess/fine_grained_changes_transformer_80.py:bugginess/fine_grained_changes_transformer_90.py:bugginess/keywords/bug_keywords_lookup_in_message.py:bugginess/keywords/buggless_keywords_lookup_in_message.py:bugginess/large_change.py:bugginess/small_change.py
    train_set: commits_200k_files
  gitcproc:
    heuristics_classifier: bugginess/gitcproc
    train_set: commits_200k_files
  gitcproc_orig:
    heuristics_classifier: bugginess/gitcproc/keywords.py
    train_set: commits_200k_files
  only_keywords:
    heuristics_classifier: bugginess/keywords/bug_keywords_lookup_in_issue_body.py:bugginess/keywords/bug_keywords_lookup_in_issue_label.py:bugginess/keywords/bug_keywords_lookup_in_message.py:bugginess/keywords/buggless_keywords_lookup_in_message.py:bugginess/keywords/bugless_keywords_lookup_in_issue_body.py:bugginess/keywords/bugless_keywords_lookup_in_issue_label.py
    train_set: commits_200k_files
  only_message_keywords:
    heuristics_classifier: bugginess/keywords/bug_keywords_lookup_in_message.py:bugginess/keywords/buggless_keywords_lookup_in_message.py
    train_set: commits_200k_files
