bohr_runtime_version: 0.5.0rc2
dataset_debugging:
  heuristics_classifier: bugginess/buggless_if_doc_extensions.py:bugginess/buggless_if_one_file_markdown_ext.py:bugginess/filemetrics:bugginess/fine_grained_changes_transformer_70.py:bugginess/fine_grained_changes_transformer_80.py:bugginess/fine_grained_changes_transformer_90.py:bugginess/keywords/bug_keywords_lookup_in_message.py:bugginess/keywords/buggless_keywords_lookup_in_message.py
